PODS:
  - EPPayKit/Alipay (1.0.0)
  - EPPayKit/Core (1.0.0):
    - EPPayKit/Alipay
    - EPPayKit/UnionPay
    - EPPayKit/Wechat
  - EPPayKit/UnionPay (1.0.0)
  - EPPayKit/Wechat (1.0.0)

DEPENDENCIES:
  - EPPayKit/Core (from `../`)

EXTERNAL SOURCES:
  EPPayKit:
    :path: "../"

SPEC CHECKSUMS:
  EPPayKit: 3f280e9cec4523c32a34cb4703961dfdab19102d

PODFILE CHECKSUM: 835a89d545000c5f9d94c9faf07166c6334bae0a

COCOAPODS: 1.7.5
